
Microsoft Visual Studio Solution File, Format Version 12.00
# Visual Studio Version 16
VisualStudioVersion = 16.0.29509.3
MinimumVisualStudioVersion = 10.0.40219.1
Project("{FAE04EC0-301F-11D3-BF4B-00C04F79EFBC}") = "Task2", "Task2\Task2.csproj", "{79113AA1-845B-46FE-A220-C1467F5A8CC8}"
EndProject
Global
	GlobalSection(SolutionConfigurationPlatforms) = preSolution
		Debug|Any CPU = Debug|Any CPU
		Release|Any CPU = Release|Any CPU
	EndGlobalSection
	GlobalSection(ProjectConfigurationPlatforms) = postSolution
		{79113AA1-845B-46FE-A220-C1467F5A8CC8}.Debug|Any CPU.ActiveCfg = Debug|Any CPU
		{79113AA1-845B-46FE-A220-C1467F5A8CC8}.Debug|Any CPU.Build.0 = Debug|Any CPU
		{79113AA1-845B-46FE-A220-C1467F5A8CC8}.Release|Any CPU.ActiveCfg = Release|Any CPU
		{79113AA1-845B-46FE-A220-C1467F5A8CC8}.Release|Any CPU.Build.0 = Release|Any CPU
	EndGlobalSection
	GlobalSection(SolutionProperties) = preSolution
		HideSolutionNode = FALSE
	EndGlobalSection
	GlobalSection(ExtensibilityGlobals) = postSolution
		SolutionGuid = {679EF257-FDA7-4548-AF6B-115AFA893712}
	EndGlobalSection
EndGlobal
